
Microsoft Visual Studio Solution File, Format Version 12.00
# Visual Studio Version 18
VisualStudioVersion = 18.3.11222.16 d18.3
MinimumVisualStudioVersion = 10.0.40219.1
Project("{2150E333-8FDC-42A3-9474-1A3956D46DE8}") = "src", "src", "{827E0CD3-B72D-47B6-A68D-7590B98EB39B}"
EndProject
Project("{FAE04EC0-301F-11D3-BF4B-00C04F79EFBC}") = "FindTheBug.Domain", "src\FindTheBug.Domain\FindTheBug.Domain.csproj", "{8FC93621-BD8A-4631-8593-F32E8B64C1F1}"
EndProject
Project("{FAE04EC0-301F-11D3-BF4B-00C04F79EFBC}") = "FindTheBug.Application", "src\FindTheBug.Application\FindTheBug.Application.csproj", "{5726ED07-4F92-43FB-9512-3138BAA2EC8B}"
EndProject
Project("{FAE04EC0-301F-11D3-BF4B-00C04F79EFBC}") = "FindTheBug.Infrastructure", "src\FindTheBug.Infrastructure\FindTheBug.Infrastructure.csproj", "{E484C685-A495-4E3B-B329-0E219D28A86D}"
EndProject
Project("{FAE04EC0-301F-11D3-BF4B-00C04F79EFBC}") = "FindTheBug.WebAPI", "src\FindTheBug.WebAPI\FindTheBug.WebAPI.csproj", "{157C8D54-A72D-414A-9C13-E2D5D45F5696}"
EndProject
Project("{2150E333-8FDC-42A3-9474-1A3956D46DE8}") = "tests", "tests", "{0AB3BF05-4346-4AA6-1389-037BE0695223}"
EndProject
Project("{FAE04EC0-301F-11D3-BF4B-00C04F79EFBC}") = "FindTheBug.ArchitectureTests", "tests\FindTheBug.ArchitectureTests\FindTheBug.ArchitectureTests.csproj", "{85998691-2E19-4CF8-B1A6-196441DF56F3}"
EndProject
Project("{FAE04EC0-301F-11D3-BF4B-00C04F79EFBC}") = "FindTheBug.Desktop.Reception", "src\FindTheBug.Desktop.Reception\FindTheBug.Desktop.Reception.csproj", "{77975E9E-4F51-4091-964F-631E5B98683C}"
EndProject
Global
	GlobalSection(SolutionConfigurationPlatforms) = preSolution
		Debug|Any CPU = Debug|Any CPU
		Debug|x64 = Debug|x64
		Debug|x86 = Debug|x86
		Release|Any CPU = Release|Any CPU
		Release|x64 = Release|x64
		Release|x86 = Release|x86
	EndGlobalSection
	GlobalSection(ProjectConfigurationPlatforms) = postSolution
		{8FC93621-BD8A-4631-8593-F32E8B64C1F1}.Debug|Any CPU.ActiveCfg = Debug|Any CPU
		{8FC93621-BD8A-4631-8593-F32E8B64C1F1}.Debug|Any CPU.Build.0 = Debug|Any CPU
		{8FC93621-BD8A-4631-8593-F32E8B64C1F1}.Debug|x64.ActiveCfg = Debug|Any CPU
		{8FC93621-BD8A-4631-8593-F32E8B64C1F1}.Debug|x64.Build.0 = Debug|Any CPU
		{8FC93621-BD8A-4631-8593-F32E8B64C1F1}.Debug|x86.ActiveCfg = Debug|Any CPU
		{8FC93621-BD8A-4631-8593-F32E8B64C1F1}.Debug|x86.Build.0 = Debug|Any CPU
		{8FC93621-BD8A-4631-8593-F32E8B64C1F1}.Release|Any CPU.ActiveCfg = Release|Any CPU
		{8FC93621-BD8A-4631-8593-F32E8B64C1F1}.Release|Any CPU.Build.0 = Release|Any CPU
		{8FC93621-BD8A-4631-8593-F32E8B64C1F1}.Release|x64.ActiveCfg = Release|Any CPU
		{8FC93621-BD8A-4631-8593-F32E8B64C1F1}.Release|x64.Build.0 = Release|Any CPU
		{8FC93621-BD8A-4631-8593-F32E8B64C1F1}.Release|x86.ActiveCfg = Release|Any CPU
		{8FC93621-BD8A-4631-8593-F32E8B64C1F1}.Release|x86.Build.0 = Release|Any CPU
		{5726ED07-4F92-43FB-9512-3138BAA2EC8B}.Debug|Any CPU.ActiveCfg = Debug|Any CPU
		{5726ED07-4F92-43FB-9512-3138BAA2EC8B}.Debug|Any CPU.Build.0 = Debug|Any CPU
		{5726ED07-4F92-43FB-9512-3138BAA2EC8B}.Debug|x64.ActiveCfg = Debug|Any CPU
		{5726ED07-4F92-43FB-9512-3138BAA2EC8B}.Debug|x64.Build.0 = Debug|Any CPU
		{5726ED07-4F92-43FB-9512-3138BAA2EC8B}.Debug|x86.ActiveCfg = Debug|Any CPU
		{5726ED07-4F92-43FB-9512-3138BAA2EC8B}.Debug|x86.Build.0 = Debug|Any CPU
		{5726ED07-4F92-43FB-9512-3138BAA2EC8B}.Release|Any CPU.ActiveCfg = Release|Any CPU
		{5726ED07-4F92-43FB-9512-3138BAA2EC8B}.Release|Any CPU.Build.0 = Release|Any CPU
		{5726ED07-4F92-43FB-9512-3138BAA2EC8B}.Release|x64.ActiveCfg = Release|Any CPU
		{5726ED07-4F92-43FB-9512-3138BAA2EC8B}.Release|x64.Build.0 = Release|Any CPU
		{5726ED07-4F92-43FB-9512-3138BAA2EC8B}.Release|x86.ActiveCfg = Release|Any CPU
		{5726ED07-4F92-43FB-9512-3138BAA2EC8B}.Release|x86.Build.0 = Release|Any CPU
		{E484C685-A495-4E3B-B329-0E219D28A86D}.Debug|Any CPU.ActiveCfg = Debug|Any CPU
		{E484C685-A495-4E3B-B329-0E219D28A86D}.Debug|Any CPU.Build.0 = Debug|Any CPU
		{E484C685-A495-4E3B-B329-0E219D28A86D}.Debug|x64.ActiveCfg = Debug|Any CPU
		{E484C685-A495-4E3B-B329-0E219D28A86D}.Debug|x64.Build.0 = Debug|Any CPU
		{E484C685-A495-4E3B-B329-0E219D28A86D}.Debug|x86.ActiveCfg = Debug|Any CPU
		{E484C685-A495-4E3B-B329-0E219D28A86D}.Debug|x86.Build.0 = Debug|Any CPU
		{E484C685-A495-4E3B-B329-0E219D28A86D}.Release|Any CPU.ActiveCfg = Release|Any CPU
		{E484C685-A495-4E3B-B329-0E219D28A86D}.Release|Any CPU.Build.0 = Release|Any CPU
		{E484C685-A495-4E3B-B329-0E219D28A86D}.Release|x64.ActiveCfg = Release|Any CPU
		{E484C685-A495-4E3B-B329-0E219D28A86D}.Release|x64.Build.0 = Release|Any CPU
		{E484C685-A495-4E3B-B329-0E219D28A86D}.Release|x86.ActiveCfg = Release|Any CPU
		{E484C685-A495-4E3B-B329-0E219D28A86D}.Release|x86.Build.0 = Release|Any CPU
		{157C8D54-A72D-414A-9C13-E2D5D45F5696}.Debug|Any CPU.ActiveCfg = Debug|Any CPU
		{157C8D54-A72D-414A-9C13-E2D5D45F5696}.Debug|Any CPU.Build.0 = Debug|Any CPU
		{157C8D54-A72D-414A-9C13-E2D5D45F5696}.Debug|x64.ActiveCfg = Debug|Any CPU
		{157C8D54-A72D-414A-9C13-E2D5D45F5696}.Debug|x64.Build.0 = Debug|Any CPU
		{157C8D54-A72D-414A-9C13-E2D5D45F5696}.Debug|x86.ActiveCfg = Debug|Any CPU
		{157C8D54-A72D-414A-9C13-E2D5D45F5696}.Debug|x86.Build.0 = Debug|Any CPU
		{157C8D54-A72D-414A-9C13-E2D5D45F5696}.Release|Any CPU.ActiveCfg = Release|Any CPU
		{157C8D54-A72D-414A-9C13-E2D5D45F5696}.Release|Any CPU.Build.0 = Release|Any CPU
		{157C8D54-A72D-414A-9C13-E2D5D45F5696}.Release|x64.ActiveCfg = Release|Any CPU
		{157C8D54-A72D-414A-9C13-E2D5D45F5696}.Release|x64.Build.0 = Release|Any CPU
		{157C8D54-A72D-414A-9C13-E2D5D45F5696}.Release|x86.ActiveCfg = Release|Any CPU
		{157C8D54-A72D-414A-9C13-E2D5D45F5696}.Release|x86.Build.0 = Release|Any CPU
		{85998691-2E19-4CF8-B1A6-196441DF56F3}.Debug|Any CPU.ActiveCfg = Debug|Any CPU
		{85998691-2E19-4CF8-B1A6-196441DF56F3}.Debug|Any CPU.Build.0 = Debug|Any CPU
		{85998691-2E19-4CF8-B1A6-196441DF56F3}.Debug|x64.ActiveCfg = Debug|Any CPU
		{85998691-2E19-4CF8-B1A6-196441DF56F3}.Debug|x64.Build.0 = Debug|Any CPU
		{85998691-2E19-4CF8-B1A6-196441DF56F3}.Debug|x86.ActiveCfg = Debug|Any CPU
		{85998691-2E19-4CF8-B1A6-196441DF56F3}.Debug|x86.Build.0 = Debug|Any CPU
		{85998691-2E19-4CF8-B1A6-196441DF56F3}.Release|Any CPU.ActiveCfg = Release|Any CPU
		{85998691-2E19-4CF8-B1A6-196441DF56F3}.Release|Any CPU.Build.0 = Release|Any CPU
		{85998691-2E19-4CF8-B1A6-196441DF56F3}.Release|x64.ActiveCfg = Release|Any CPU
		{85998691-2E19-4CF8-B1A6-196441DF56F3}.Release|x64.Build.0 = Release|Any CPU
		{85998691-2E19-4CF8-B1A6-196441DF56F3}.Release|x86.ActiveCfg = Release|Any CPU
		{85998691-2E19-4CF8-B1A6-196441DF56F3}.Release|x86.Build.0 = Release|Any CPU
		{77975E9E-4F51-4091-964F-631E5B98683C}.Debug|Any CPU.ActiveCfg = Debug|Any CPU
		{77975E9E-4F51-4091-964F-631E5B98683C}.Debug|Any CPU.Build.0 = Debug|Any CPU
		{77975E9E-4F51-4091-964F-631E5B98683C}.Debug|x64.ActiveCfg = Debug|Any CPU
		{77975E9E-4F51-4091-964F-631E5B98683C}.Debug|x64.Build.0 = Debug|Any CPU
		{77975E9E-4F51-4091-964F-631E5B98683C}.Debug|x86.ActiveCfg = Debug|Any CPU
		{77975E9E-4F51-4091-964F-631E5B98683C}.Debug|x86.Build.0 = Debug|Any CPU
		{77975E9E-4F51-4091-964F-631E5B98683C}.Release|Any CPU.ActiveCfg = Release|Any CPU
		{77975E9E-4F51-4091-964F-631E5B98683C}.Release|Any CPU.Build.0 = Release|Any CPU
		{77975E9E-4F51-4091-964F-631E5B98683C}.Release|x64.ActiveCfg = Release|Any CPU
		{77975E9E-4F51-4091-964F-631E5B98683C}.Release|x64.Build.0 = Release|Any CPU
		{77975E9E-4F51-4091-964F-631E5B98683C}.Release|x86.ActiveCfg = Release|Any CPU
		{77975E9E-4F51-4091-964F-631E5B98683C}.Release|x86.Build.0 = Release|Any CPU
	EndGlobalSection
	GlobalSection(SolutionProperties) = preSolution
		HideSolutionNode = FALSE
	EndGlobalSection
	GlobalSection(NestedProjects) = preSolution
		{8FC93621-BD8A-4631-8593-F32E8B64C1F1} = {827E0CD3-B72D-47B6-A68D-7590B98EB39B}
		{5726ED07-4F92-43FB-9512-3138BAA2EC8B} = {827E0CD3-B72D-47B6-A68D-7590B98EB39B}
		{E484C685-A495-4E3B-B329-0E219D28A86D} = {827E0CD3-B72D-47B6-A68D-7590B98EB39B}
		{157C8D54-A72D-414A-9C13-E2D5D45F5696} = {827E0CD3-B72D-47B6-A68D-7590B98EB39B}
		{85998691-2E19-4CF8-B1A6-196441DF56F3} = {0AB3BF05-4346-4AA6-1389-037BE0695223}
		{77975E9E-4F51-4091-964F-631E5B98683C} = {827E0CD3-B72D-47B6-A68D-7590B98EB39B}
	EndGlobalSection
	GlobalSection(ExtensibilityGlobals) = postSolution
		SolutionGuid = {D69EFDC7-8081-40CE-BAE8-222C910B45D3}
	EndGlobalSection
EndGlobal
